
Microsoft Visual Studio Solution File, Format Version 12.00
# Visual Studio Version 16
VisualStudioVersion = 16.0.30011.22
MinimumVisualStudioVersion = 10.0.40219.1
Project("{FAE04EC0-301F-11D3-BF4B-00C04F79EFBC}") = "MyWebApi", "MyWebApi\MyWebApi.csproj", "{575BB4D2-E443-4873-B9AB-BE4DF9F3A56B}"
EndProject
Global
	GlobalSection(SolutionConfigurationPlatforms) = preSolution
		Debug|Any CPU = Debug|Any CPU
		Release|Any CPU = Release|Any CPU
	EndGlobalSection
	GlobalSection(ProjectConfigurationPlatforms) = postSolution
		{575BB4D2-E443-4873-B9AB-BE4DF9F3A56B}.Debug|Any CPU.ActiveCfg = Debug|Any CPU
		{575BB4D2-E443-4873-B9AB-BE4DF9F3A56B}.Debug|Any CPU.Build.0 = Debug|Any CPU
		{575BB4D2-E443-4873-B9AB-BE4DF9F3A56B}.Release|Any CPU.ActiveCfg = Release|Any CPU
		{575BB4D2-E443-4873-B9AB-BE4DF9F3A56B}.Release|Any CPU.Build.0 = Release|Any CPU
	EndGlobalSection
	GlobalSection(SolutionProperties) = preSolution
		HideSolutionNode = FALSE
	EndGlobalSection
	GlobalSection(ExtensibilityGlobals) = postSolution
		SolutionGuid = {7981237E-D6E7-4384-AD09-E17A0F91B0C6}
	EndGlobalSection
EndGlobal
